
Microsoft Visual Studio Solution File, Format Version 12.00
# Visual Studio Version 17
VisualStudioVersion = 17.14.36705.20 d17.14
MinimumVisualStudioVersion = 10.0.40219.1
Project("{FAE04EC0-301F-11D3-BF4B-00C04F79EFBC}") = "BlazorSample", "BlazorSample\BlazorSample.csproj", "{BFAA9029-99A0-41CE-AC76-C3CA274489C9}"
EndProject
Global
	GlobalSection(SolutionConfigurationPlatforms) = preSolution
		Debug|Any CPU = Debug|Any CPU
		Release|Any CPU = Release|Any CPU
	EndGlobalSection
	GlobalSection(ProjectConfigurationPlatforms) = postSolution
		{BFAA9029-99A0-41CE-AC76-C3CA274489C9}.Debug|Any CPU.ActiveCfg = Debug|Any CPU
		{BFAA9029-99A0-41CE-AC76-C3CA274489C9}.Debug|Any CPU.Build.0 = Debug|Any CPU
		{BFAA9029-99A0-41CE-AC76-C3CA274489C9}.Release|Any CPU.ActiveCfg = Release|Any CPU
		{BFAA9029-99A0-41CE-AC76-C3CA274489C9}.Release|Any CPU.Build.0 = Release|Any CPU
	EndGlobalSection
	GlobalSection(SolutionProperties) = preSolution
		HideSolutionNode = FALSE
	EndGlobalSection
	GlobalSection(ExtensibilityGlobals) = postSolution
		SolutionGuid = {EB61DF37-D340-400D-9878-A6438E56655D}
	EndGlobalSection
EndGlobal
